
Microsoft Visual Studio Solution File, Format Version 12.00
# Visual Studio Version 17
VisualStudioVersion = 17.9.34728.123
MinimumVisualStudioVersion = 10.0.40219.1
Project("{9A19103F-16F7-4668-BE54-9A1E7A4F7556}") = "LoTTo", "LoTTo.csproj", "{CE3B0538-3BE7-4B2E-BE41-7F8175FBE46A}"
EndProject
Global
	GlobalSection(SolutionConfigurationPlatforms) = preSolution
		Debug|Any CPU = Debug|Any CPU
		Release|Any CPU = Release|Any CPU
	EndGlobalSection
	GlobalSection(ProjectConfigurationPlatforms) = postSolution
		{CE3B0538-3BE7-4B2E-BE41-7F8175FBE46A}.Debug|Any CPU.ActiveCfg = Debug|Any CPU
		{CE3B0538-3BE7-4B2E-BE41-7F8175FBE46A}.Debug|Any CPU.Build.0 = Debug|Any CPU
		{CE3B0538-3BE7-4B2E-BE41-7F8175FBE46A}.Release|Any CPU.ActiveCfg = Release|Any CPU
		{CE3B0538-3BE7-4B2E-BE41-7F8175FBE46A}.Release|Any CPU.Build.0 = Release|Any CPU
	EndGlobalSection
	GlobalSection(SolutionProperties) = preSolution
		HideSolutionNode = FALSE
	EndGlobalSection
	GlobalSection(ExtensibilityGlobals) = postSolution
		SolutionGuid = {FD4F6368-5863-48DD-B740-596544CBB931}
	EndGlobalSection
EndGlobal
